// !$*UTF8*$!
{
	archiveVersion = 1;
	classes = {
	};
	objectVersion = 56;
	objects = {

/* Begin PBXBuildFile section */
		50F5A397E36D35C5849D881E /* Pods_Pokedex.framework in Frameworks */ = {isa = PBXBuildFile; fileRef = 76230D7F64C1662776431985 /* Pods_Pokedex.framework */; };
		CE6F5D7629BD3F1E002B3D27 /* PokemonData.swift in Sources */ = {isa = PBXBuildFile; fileRef = CE6F5D7529BD3F1E002B3D27 /* PokemonData.swift */; };
		CE6F5D7829BD405F002B3D27 /* PokemonResult.swift in Sources */ = {isa = PBXBuildFile; fileRef = CE6F5D7729BD405F002B3D27 /* PokemonResult.swift */; };
		CE6F5D7B29BD43BA002B3D27 /* PokemonViewModel.swift in Sources */ = {isa = PBXBuildFile; fileRef = CE6F5D7A29BD43BA002B3D27 /* PokemonViewModel.swift */; };
		CE79E45829D4EB50000966D1 /* Pokemon Classic.ttf in Resources */ = {isa = PBXBuildFile; fileRef = CE79E45729D4EB50000966D1 /* Pokemon Classic.ttf */; };
		CE79E45B29D4FDF1000966D1 /* PokemonDetailViewModel.swift in Sources */ = {isa = PBXBuildFile; fileRef = CE79E45A29D4FDF1000966D1 /* PokemonDetailViewModel.swift */; };
		CE7FB4FE29B5352E00B69937 /* AppDelegate.swift in Sources */ = {isa = PBXBuildFile; fileRef = CE7FB4FD29B5352E00B69937 /* AppDelegate.swift */; };
		CE7FB50029B5352E00B69937 /* SceneDelegate.swift in Sources */ = {isa = PBXBuildFile; fileRef = CE7FB4FF29B5352E00B69937 /* SceneDelegate.swift */; };
		CE7FB50229B5352E00B69937 /* MainViewController.swift in Sources */ = {isa = PBXBuildFile; fileRef = CE7FB50129B5352E00B69937 /* MainViewController.swift */; };
		CE7FB50529B5352E00B69937 /* Main.storyboard in Resources */ = {isa = PBXBuildFile; fileRef = CE7FB50329B5352E00B69937 /* Main.storyboard */; };
		CE7FB50729B5352E00B69937 /* Assets.xcassets in Resources */ = {isa = PBXBuildFile; fileRef = CE7FB50629B5352E00B69937 /* Assets.xcassets */; };
		CE7FB50A29B5352E00B69937 /* LaunchScreen.storyboard in Resources */ = {isa = PBXBuildFile; fileRef = CE7FB50829B5352E00B69937 /* LaunchScreen.storyboard */; };
		CEA7952229C663AF002F83F7 /* PokemonDetailViewController.swift in Sources */ = {isa = PBXBuildFile; fileRef = CEA7952129C663AF002F83F7 /* PokemonDetailViewController.swift */; };
		CEDB9B8529BFB4EF00871477 /* PokemonDetails.swift in Sources */ = {isa = PBXBuildFile; fileRef = CEDB9B8429BFB4EF00871477 /* PokemonDetails.swift */; };
		CEF4204D29CD112200022E53 /* SplashViewController.swift in Sources */ = {isa = PBXBuildFile; fileRef = CEF4204C29CD112200022E53 /* SplashViewController.swift */; };
		CEF55A8929B69B9600009998 /* PokedexCollectionViewCell.swift in Sources */ = {isa = PBXBuildFile; fileRef = CEF55A8829B69B9600009998 /* PokedexCollectionViewCell.swift */; };
/* End PBXBuildFile section */

/* Begin PBXFileReference section */
		1A5F01D16BDE089F9024521C /* Pods-Pokedex.release.xcconfig */ = {isa = PBXFileReference; includeInIndex = 1; lastKnownFileType = text.xcconfig; name = "Pods-Pokedex.release.xcconfig"; path = "Target Support Files/Pods-Pokedex/Pods-Pokedex.release.xcconfig"; sourceTree = "<group>"; };
		45372EABA6EAB9428546E7E4 /* Pods-Pokedex.debug.xcconfig */ = {isa = PBXFileReference; includeInIndex = 1; lastKnownFileType = text.xcconfig; name = "Pods-Pokedex.debug.xcconfig"; path = "Target Support Files/Pods-Pokedex/Pods-Pokedex.debug.xcconfig"; sourceTree = "<group>"; };
		76230D7F64C1662776431985 /* Pods_Pokedex.framework */ = {isa = PBXFileReference; explicitFileType = wrapper.framework; includeInIndex = 0; path = Pods_Pokedex.framework; sourceTree = BUILT_PRODUCTS_DIR; };
		CE6F5D7529BD3F1E002B3D27 /* PokemonData.swift */ = {isa = PBXFileReference; lastKnownFileType = sourcecode.swift; path = PokemonData.swift; sourceTree = "<group>"; };
		CE6F5D7729BD405F002B3D27 /* PokemonResult.swift */ = {isa = PBXFileReference; lastKnownFileType = sourcecode.swift; path = PokemonResult.swift; sourceTree = "<group>"; };
		CE6F5D7A29BD43BA002B3D27 /* PokemonViewModel.swift */ = {isa = PBXFileReference; lastKnownFileType = sourcecode.swift; path = PokemonViewModel.swift; sourceTree = "<group>"; };
		CE79E45729D4EB50000966D1 /* Pokemon Classic.ttf */ = {isa = PBXFileReference; lastKnownFileType = file; path = "Pokemon Classic.ttf"; sourceTree = "<group>"; };
		CE79E45A29D4FDF1000966D1 /* PokemonDetailViewModel.swift */ = {isa = PBXFileReference; lastKnownFileType = sourcecode.swift; path = PokemonDetailViewModel.swift; sourceTree = "<group>"; };
		CE7FB4FA29B5352E00B69937 /* Pokedex.app */ = {isa = PBXFileReference; explicitFileType = wrapper.application; includeInIndex = 0; path = Pokedex.app; sourceTree = BUILT_PRODUCTS_DIR; };
		CE7FB4FD29B5352E00B69937 /* AppDelegate.swift */ = {isa = PBXFileReference; lastKnownFileType = sourcecode.swift; path = AppDelegate.swift; sourceTree = "<group>"; };
		CE7FB4FF29B5352E00B69937 /* SceneDelegate.swift */ = {isa = PBXFileReference; lastKnownFileType = sourcecode.swift; path = SceneDelegate.swift; sourceTree = "<group>"; };
		CE7FB50129B5352E00B69937 /* MainViewController.swift */ = {isa = PBXFileReference; lastKnownFileType = sourcecode.swift; path = MainViewController.swift; sourceTree = "<group>"; };
		CE7FB50429B5352E00B69937 /* Base */ = {isa = PBXFileReference; lastKnownFileType = file.storyboard; name = Base; path = Base.lproj/Main.storyboard; sourceTree = "<group>"; };
		CE7FB50629B5352E00B69937 /* Assets.xcassets */ = {isa = PBXFileReference; lastKnownFileType = folder.assetcatalog; path = Assets.xcassets; sourceTree = "<group>"; };
		CE7FB50929B5352E00B69937 /* Base */ = {isa = PBXFileReference; lastKnownFileType = file.storyboard; name = Base; path = Base.lproj/LaunchScreen.storyboard; sourceTree = "<group>"; };
		CE7FB50B29B5352E00B69937 /* Info.plist */ = {isa = PBXFileReference; lastKnownFileType = text.plist.xml; path = Info.plist; sourceTree = "<group>"; };
		CEA7952129C663AF002F83F7 /* PokemonDetailViewController.swift */ = {isa = PBXFileReference; lastKnownFileType = sourcecode.swift; path = PokemonDetailViewController.swift; sourceTree = "<group>"; };
		CEDB9B8429BFB4EF00871477 /* PokemonDetails.swift */ = {isa = PBXFileReference; lastKnownFileType = sourcecode.swift; path = PokemonDetails.swift; sourceTree = "<group>"; };
		CEF4204C29CD112200022E53 /* SplashViewController.swift */ = {isa = PBXFileReference; lastKnownFileType = sourcecode.swift; path = SplashViewController.swift; sourceTree = "<group>"; };
		CEF55A8829B69B9600009998 /* PokedexCollectionViewCell.swift */ = {isa = PBXFileReference; lastKnownFileType = sourcecode.swift; path = PokedexCollectionViewCell.swift; sourceTree = "<group>"; };
/* End PBXFileReference section */

/* Begin PBXFrameworksBuildPhase section */
		CE7FB4F729B5352E00B69937 /* Frameworks */ = {
			isa = PBXFrameworksBuildPhase;
			buildActionMask = 2147483647;
			files = (
				50F5A397E36D35C5849D881E /* Pods_Pokedex.framework in Frameworks */,
			);
			runOnlyForDeploymentPostprocessing = 0;
		};
/* End PBXFrameworksBuildPhase section */

/* Begin PBXGroup section */
		CE6F5D7229BD3E97002B3D27 /* Controller */ = {
			isa = PBXGroup;
			children = (
				CEF55A8829B69B9600009998 /* PokedexCollectionViewCell.swift */,
				CE7FB50129B5352E00B69937 /* MainViewController.swift */,
				CEF4204C29CD112200022E53 /* SplashViewController.swift */,
			);
			path = Controller;
			sourceTree = "<group>";
		};
		CE6F5D7329BD3EAA002B3D27 /* View */ = {
			isa = PBXGroup;
			children = (
				CE7FB50329B5352E00B69937 /* Main.storyboard */,
				CEA7952129C663AF002F83F7 /* PokemonDetailViewController.swift */,
			);
			path = View;
			sourceTree = "<group>";
		};
		CE6F5D7429BD3ECB002B3D27 /* Model */ = {
			isa = PBXGroup;
			children = (
				CE6F5D7529BD3F1E002B3D27 /* PokemonData.swift */,
				CE6F5D7729BD405F002B3D27 /* PokemonResult.swift */,
				CEDB9B8429BFB4EF00871477 /* PokemonDetails.swift */,
			);
			path = Model;
			sourceTree = "<group>";
		};
		CE6F5D7929BD4322002B3D27 /* ViewModel */ = {
			isa = PBXGroup;
			children = (
				CE6F5D7A29BD43BA002B3D27 /* PokemonViewModel.swift */,
				CE79E45A29D4FDF1000966D1 /* PokemonDetailViewModel.swift */,
			);
			path = ViewModel;
			sourceTree = "<group>";
		};
		CE79E45929D4EB5E000966D1 /* Font */ = {
			isa = PBXGroup;
			children = (
				CE79E45729D4EB50000966D1 /* Pokemon Classic.ttf */,
			);
			path = Font;
			sourceTree = "<group>";
		};
		CE7FB4F129B5352E00B69937 = {
			isa = PBXGroup;
			children = (
				CE79E45929D4EB5E000966D1 /* Font */,
				CE7FB4FC29B5352E00B69937 /* Pokedex */,
				CE7FB4FB29B5352E00B69937 /* Products */,
				E926507CC250FAB1EF1D06E1 /* Pods */,
				F155564B961DD706FF99C5FC /* Frameworks */,
			);
			sourceTree = "<group>";
		};
		CE7FB4FB29B5352E00B69937 /* Products */ = {
			isa = PBXGroup;
			children = (
				CE7FB4FA29B5352E00B69937 /* Pokedex.app */,
			);
			name = Products;
			sourceTree = "<group>";
		};
		CE7FB4FC29B5352E00B69937 /* Pokedex */ = {
			isa = PBXGroup;
			children = (
				CE6F5D7929BD4322002B3D27 /* ViewModel */,
				CE6F5D7429BD3ECB002B3D27 /* Model */,
				CE6F5D7329BD3EAA002B3D27 /* View */,
				CE6F5D7229BD3E97002B3D27 /* Controller */,
				CE7FB4FD29B5352E00B69937 /* AppDelegate.swift */,
				CE7FB4FF29B5352E00B69937 /* SceneDelegate.swift */,
				CE7FB50629B5352E00B69937 /* Assets.xcassets */,
				CE7FB50829B5352E00B69937 /* LaunchScreen.storyboard */,
				CE7FB50B29B5352E00B69937 /* Info.plist */,
			);
			path = Pokedex;
			sourceTree = "<group>";
		};
		E926507CC250FAB1EF1D06E1 /* Pods */ = {
			isa = PBXGroup;
			children = (
				45372EABA6EAB9428546E7E4 /* Pods-Pokedex.debug.xcconfig */,
				1A5F01D16BDE089F9024521C /* Pods-Pokedex.release.xcconfig */,
			);
			path = Pods;
			sourceTree = "<group>";
		};
		F155564B961DD706FF99C5FC /* Frameworks */ = {
			isa = PBXGroup;
			children = (
				76230D7F64C1662776431985 /* Pods_Pokedex.framework */,
			);
			name = Frameworks;
			sourceTree = "<group>";
		};
/* End PBXGroup section */

/* Begin PBXNativeTarget section */
		CE7FB4F929B5352E00B69937 /* Pokedex */ = {
			isa = PBXNativeTarget;
			buildConfigurationList = CE7FB50E29B5352E00B69937 /* Build configuration list for PBXNativeTarget "Pokedex" */;
			buildPhases = (
				5D02C2B49A80784EA2D97AFE /* [CP] Check Pods Manifest.lock */,
				CE7FB4F629B5352E00B69937 /* Sources */,
				CE7FB4F729B5352E00B69937 /* Frameworks */,
				CE7FB4F829B5352E00B69937 /* Resources */,
				B199131F3F89CA7C8FD97E77 /* [CP] Embed Pods Frameworks */,
			);
			buildRules = (
			);
			dependencies = (
			);
			name = Pokedex;
			productName = Pokedex;
			productReference = CE7FB4FA29B5352E00B69937 /* Pokedex.app */;
			productType = "com.apple.product-type.application";
		};
/* End PBXNativeTarget section */

/* Begin PBXProject section */
		CE7FB4F229B5352E00B69937 /* Project object */ = {
			isa = PBXProject;
			attributes = {
				BuildIndependentTargetsInParallel = 1;
				LastSwiftUpdateCheck = 1420;
				LastUpgradeCheck = 1420;
				TargetAttributes = {
					CE7FB4F929B5352E00B69937 = {
						CreatedOnToolsVersion = 14.2;
					};
				};
			};
			buildConfigurationList = CE7FB4F529B5352E00B69937 /* Build configuration list for PBXProject "Pokedex" */;
			compatibilityVersion = "Xcode 14.0";
			developmentRegion = en;
			hasScannedForEncodings = 0;
			knownRegions = (
				en,
				Base,
			);
			mainGroup = CE7FB4F129B5352E00B69937;
			productRefGroup = CE7FB4FB29B5352E00B69937 /* Products */;
			projectDirPath = "";
			projectRoot = "";
			targets = (
				CE7FB4F929B5352E00B69937 /* Pokedex */,
			);
		};
/* End PBXProject section */

/* Begin PBXResourcesBuildPhase section */
		CE7FB4F829B5352E00B69937 /* Resources */ = {
			isa = PBXResourcesBuildPhase;
			buildActionMask = 2147483647;
			files = (
				CE7FB50A29B5352E00B69937 /* LaunchScreen.storyboard in Resources */,
				CE7FB50729B5352E00B69937 /* Assets.xcassets in Resources */,
				CE79E45829D4EB50000966D1 /* Pokemon Classic.ttf in Resources */,
				CE7FB50529B5352E00B69937 /* Main.storyboard in Resources */,
			);
			runOnlyForDeploymentPostprocessing = 0;
		};
/* End PBXResourcesBuildPhase section */

/* Begin PBXShellScriptBuildPhase section */
		5D02C2B49A80784EA2D97AFE /* [CP] Check Pods Manifest.lock */ = {
			isa = PBXShellScriptBuildPhase;
			buildActionMask = 2147483647;
			files = (
			);
			inputFileListPaths = (
			);
			inputPaths = (
				"${PODS_PODFILE_DIR_PATH}/Podfile.lock",
				"${PODS_ROOT}/Manifest.lock",
			);
			name = "[CP] Check Pods Manifest.lock";
			outputFileListPaths = (
			);
			outputPaths = (
				"$(DERIVED_FILE_DIR)/Pods-Pokedex-checkManifestLockResult.txt",
			);
			runOnlyForDeploymentPostprocessing = 0;
			shellPath = /bin/sh;
			shellScript = "diff \"${PODS_PODFILE_DIR_PATH}/Podfile.lock\" \"${PODS_ROOT}/Manifest.lock\" > /dev/null\nif [ $? != 0 ] ; then\n    # print error to STDERR\n    echo \"error: The sandbox is not in sync with the Podfile.lock. Run 'pod install' or update your CocoaPods installation.\" >&2\n    exit 1\nfi\n# This output is used by Xcode 'outputs' to avoid re-running this script phase.\necho \"SUCCESS\" > \"${SCRIPT_OUTPUT_FILE_0}\"\n";
			showEnvVarsInLog = 0;
		};
		B199131F3F89CA7C8FD97E77 /* [CP] Embed Pods Frameworks */ = {
			isa = PBXShellScriptBuildPhase;
			buildActionMask = 2147483647;
			files = (
			);
			inputFileListPaths = (
				"${PODS_ROOT}/Target Support Files/Pods-Pokedex/Pods-Pokedex-frameworks-${CONFIGURATION}-input-files.xcfilelist",
			);
			name = "[CP] Embed Pods Frameworks";
			outputFileListPaths = (
				"${PODS_ROOT}/Target Support Files/Pods-Pokedex/Pods-Pokedex-frameworks-${CONFIGURATION}-output-files.xcfilelist",
			);
			runOnlyForDeploymentPostprocessing = 0;
			shellPath = /bin/sh;
			shellScript = "\"${PODS_ROOT}/Target Support Files/Pods-Pokedex/Pods-Pokedex-frameworks.sh\"\n";
			showEnvVarsInLog = 0;
		};
/* End PBXShellScriptBuildPhase section */

/* Begin PBXSourcesBuildPhase section */
		CE7FB4F629B5352E00B69937 /* Sources */ = {
			isa = PBXSourcesBuildPhase;
			buildActionMask = 2147483647;
			files = (
				CE7FB50229B5352E00B69937 /* MainViewController.swift in Sources */,
				CEF55A8929B69B9600009998 /* PokedexCollectionViewCell.swift in Sources */,
				CE7FB4FE29B5352E00B69937 /* AppDelegate.swift in Sources */,
				CE6F5D7B29BD43BA002B3D27 /* PokemonViewModel.swift in Sources */,
				CE7FB50029B5352E00B69937 /* SceneDelegate.swift in Sources */,
				CE6F5D7829BD405F002B3D27 /* PokemonResult.swift in Sources */,
				CEDB9B8529BFB4EF00871477 /* PokemonDetails.swift in Sources */,
				CE6F5D7629BD3F1E002B3D27 /* PokemonData.swift in Sources */,
				CE79E45B29D4FDF1000966D1 /* PokemonDetailViewModel.swift in Sources */,
				CEA7952229C663AF002F83F7 /* PokemonDetailViewController.swift in Sources */,
				CEF4204D29CD112200022E53 /* SplashViewController.swift in Sources */,
			);
			runOnlyForDeploymentPostprocessing = 0;
		};
/* End PBXSourcesBuildPhase section */

/* Begin PBXVariantGroup section */
		CE7FB50329B5352E00B69937 /* Main.storyboard */ = {
			isa = PBXVariantGroup;
			children = (
				CE7FB50429B5352E00B69937 /* Base */,
			);
			name = Main.storyboard;
			sourceTree = "<group>";
		};
		CE7FB50829B5352E00B69937 /* LaunchScreen.storyboard */ = {
			isa = PBXVariantGroup;
			children = (
				CE7FB50929B5352E00B69937 /* Base */,
			);
			name = LaunchScreen.storyboard;
			sourceTree = "<group>";
		};
/* End PBXVariantGroup section */

/* Begin XCBuildConfiguration section */
		CE7FB50C29B5352E00B69937 /* Debug */ = {
			isa = XCBuildConfiguration;
			buildSettings = {
				ALWAYS_SEARCH_USER_PATHS = NO;
				CLANG_ANALYZER_NONNULL = YES;
				CLANG_ANALYZER_NUMBER_OBJECT_CONVERSION = YES_AGGRESSIVE;
				CLANG_CXX_LANGUAGE_STANDARD = "gnu++20";
				CLANG_ENABLE_MODULES = YES;
				CLANG_ENABLE_OBJC_ARC = YES;
				CLANG_ENABLE_OBJC_WEAK = YES;
				CLANG_WARN_BLOCK_CAPTURE_AUTORELEASING = YES;
				CLANG_WARN_BOOL_CONVERSION = YES;
				CLANG_WARN_COMMA = YES;
				CLANG_WARN_CONSTANT_CONVERSION = YES;
				CLANG_WARN_DEPRECATED_OBJC_IMPLEMENTATIONS = YES;
				CLANG_WARN_DIRECT_OBJC_ISA_USAGE = YES_ERROR;
				CLANG_WARN_DOCUMENTATION_COMMENTS = YES;
				CLANG_WARN_EMPTY_BODY = YES;
				CLANG_WARN_ENUM_CONVERSION = YES;
				CLANG_WARN_INFINITE_RECURSION = YES;
				CLANG_WARN_INT_CONVERSION = YES;
				CLANG_WARN_NON_LITERAL_NULL_CONVERSION = YES;
				CLANG_WARN_OBJC_IMPLICIT_RETAIN_SELF = YES;
				CLANG_WARN_OBJC_LITERAL_CONVERSION = YES;
				CLANG_WARN_OBJC_ROOT_CLASS = YES_ERROR;
				CLANG_WARN_QUOTED_INCLUDE_IN_FRAMEWORK_HEADER = YES;
				CLANG_WARN_RANGE_LOOP_ANALYSIS = YES;
				CLANG_WARN_STRICT_PROTOTYPES = YES;
				CLANG_WARN_SUSPICIOUS_MOVE = YES;
				CLANG_WARN_UNGUARDED_AVAILABILITY = YES_AGGRESSIVE;
				CLANG_WARN_UNREACHABLE_CODE = YES;
				CLANG_WARN__DUPLICATE_METHOD_MATCH = YES;
				COPY_PHASE_STRIP = NO;
				DEBUG_INFORMATION_FORMAT = dwarf;
				ENABLE_STRICT_OBJC_MSGSEND = YES;
				ENABLE_TESTABILITY = YES;
				GCC_C_LANGUAGE_STANDARD = gnu11;
				GCC_DYNAMIC_NO_PIC = NO;
				GCC_NO_COMMON_BLOCKS = YES;
				GCC_OPTIMIZATION_LEVEL = 0;
				GCC_PREPROCESSOR_DEFINITIONS = (
					"DEBUG=1",
					"$(inherited)",
				);
				GCC_WARN_64_TO_32_BIT_CONVERSION = YES;
				GCC_WARN_ABOUT_RETURN_TYPE = YES_ERROR;
				GCC_WARN_UNDECLARED_SELECTOR = YES;
				GCC_WARN_UNINITIALIZED_AUTOS = YES_AGGRESSIVE;
				GCC_WARN_UNUSED_FUNCTION = YES;
				GCC_WARN_UNUSED_VARIABLE = YES;
				IPHONEOS_DEPLOYMENT_TARGET = 16.2;
				MTL_ENABLE_DEBUG_INFO = INCLUDE_SOURCE;
				MTL_FAST_MATH = YES;
				ONLY_ACTIVE_ARCH = YES;
				SDKROOT = iphoneos;
				SWIFT_ACTIVE_COMPILATION_CONDITIONS = DEBUG;
				SWIFT_OPTIMIZATION_LEVEL = "-Onone";
			};
			name = Debug;
		};
		CE7FB50D29B5352E00B69937 /* Release */ = {
			isa = XCBuildConfiguration;
			buildSettings = {
				ALWAYS_SEARCH_USER_PATHS = NO;
				CLANG_ANALYZER_NONNULL = YES;
				CLANG_ANALYZER_NUMBER_OBJECT_CONVERSION = YES_AGGRESSIVE;
				CLANG_CXX_LANGUAGE_STANDARD = "gnu++20";
				CLANG_ENABLE_MODULES = YES;
				CLANG_ENABLE_OBJC_ARC = YES;
				CLANG_ENABLE_OBJC_WEAK = YES;
				CLANG_WARN_BLOCK_CAPTURE_AUTORELEASING = YES;
				CLANG_WARN_BOOL_CONVERSION = YES;
				CLANG_WARN_COMMA = YES;
				CLANG_WARN_CONSTANT_CONVERSION = YES;
				CLANG_WARN_DEPRECATED_OBJC_IMPLEMENTATIONS = YES;
				CLANG_WARN_DIRECT_OBJC_ISA_USAGE = YES_ERROR;
				CLANG_WARN_DOCUMENTATION_COMMENTS = YES;
				CLANG_WARN_EMPTY_BODY = YES;
				CLANG_WARN_ENUM_CONVERSION = YES;
				CLANG_WARN_INFINITE_RECURSION = YES;
				CLANG_WARN_INT_CONVERSION = YES;
				CLANG_WARN_NON_LITERAL_NULL_CONVERSION = YES;
				CLANG_WARN_OBJC_IMPLICIT_RETAIN_SELF = YES;
				CLANG_WARN_OBJC_LITERAL_CONVERSION = YES;
				CLANG_WARN_OBJC_ROOT_CLASS = YES_ERROR;
				CLANG_WARN_QUOTED_INCLUDE_IN_FRAMEWORK_HEADER = YES;
				CLANG_WARN_RANGE_LOOP_ANALYSIS = YES;
				CLANG_WARN_STRICT_PROTOTYPES = YES;
				CLANG_WARN_SUSPICIOUS_MOVE = YES;
				CLANG_WARN_UNGUARDED_AVAILABILITY = YES_AGGRESSIVE;
				CLANG_WARN_UNREACHABLE_CODE = YES;
				CLANG_WARN__DUPLICATE_METHOD_MATCH = YES;
				COPY_PHASE_STRIP = NO;
				DEBUG_INFORMATION_FORMAT = "dwarf-with-dsym";
				ENABLE_NS_ASSERTIONS = NO;
				ENABLE_STRICT_OBJC_MSGSEND = YES;
				GCC_C_LANGUAGE_STANDARD = gnu11;
				GCC_NO_COMMON_BLOCKS = YES;
				GCC_WARN_64_TO_32_BIT_CONVERSION = YES;
				GCC_WARN_ABOUT_RETURN_TYPE = YES_ERROR;
				GCC_WARN_UNDECLARED_SELECTOR = YES;
				GCC_WARN_UNINITIALIZED_AUTOS = YES_AGGRESSIVE;
				GCC_WARN_UNUSED_FUNCTION = YES;
				GCC_WARN_UNUSED_VARIABLE = YES;
				IPHONEOS_DEPLOYMENT_TARGET = 16.2;
				MTL_ENABLE_DEBUG_INFO = NO;
				MTL_FAST_MATH = YES;
				SDKROOT = iphoneos;
				SWIFT_COMPILATION_MODE = wholemodule;
				SWIFT_OPTIMIZATION_LEVEL = "-O";
				VALIDATE_PRODUCT = YES;
			};
			name = Release;
		};
		CE7FB50F29B5352E00B69937 /* Debug */ = {
			isa = XCBuildConfiguration;
			baseConfigurationReference = 45372EABA6EAB9428546E7E4 /* Pods-Pokedex.debug.xcconfig */;
			buildSettings = {
				ASSETCATALOG_COMPILER_APPICON_NAME = AppIcon;
				ASSETCATALOG_COMPILER_GLOBAL_ACCENT_COLOR_NAME = AccentColor;
				CODE_SIGN_STYLE = Automatic;
				CURRENT_PROJECT_VERSION = 1;
				DEVELOPMENT_TEAM = TDMFSWV2Q6;
				GENERATE_INFOPLIST_FILE = YES;
				INFOPLIST_FILE = Pokedex/Info.plist;
				INFOPLIST_KEY_UIApplicationSupportsIndirectInputEvents = YES;
				INFOPLIST_KEY_UILaunchStoryboardName = LaunchScreen;
				INFOPLIST_KEY_UIMainStoryboardFile = Main;
				INFOPLIST_KEY_UISupportedInterfaceOrientations = UIInterfaceOrientationPortrait;
				INFOPLIST_KEY_UISupportedInterfaceOrientations_iPad = "UIInterfaceOrientationLandscapeLeft UIInterfaceOrientationLandscapeRight UIInterfaceOrientationPortrait UIInterfaceOrientationPortraitUpsideDown";
				IPHONEOS_DEPLOYMENT_TARGET = 13.0;
				LD_RUNPATH_SEARCH_PATHS = (
					"$(inherited)",
					"@executable_path/Frameworks",
				);
				MARKETING_VERSION = 1.0;
				PRODUCT_BUNDLE_IDENTIFIER = tunaorkun.Pokedex;
				PRODUCT_NAME = "$(TARGET_NAME)";
				SUPPORTED_PLATFORMS = "iphoneos iphonesimulator";
				SUPPORTS_MACCATALYST = NO;
				SUPPORTS_MAC_DESIGNED_FOR_IPHONE_IPAD = NO;
				SWIFT_EMIT_LOC_STRINGS = YES;
				SWIFT_VERSION = 5.0;
				TARGETED_DEVICE_FAMILY = 1;
			};
			name = Debug;
		};
		CE7FB51029B5352E00B69937 /* Release */ = {
			isa = XCBuildConfiguration;
			baseConfigurationReference = 1A5F01D16BDE089F9024521C /* Pods-Pokedex.release.xcconfig */;
			buildSettings = {
				ASSETCATALOG_COMPILER_APPICON_NAME = AppIcon;
				ASSETCATALOG_COMPILER_GLOBAL_ACCENT_COLOR_NAME = AccentColor;
				CODE_SIGN_STYLE = Automatic;
				CURRENT_PROJECT_VERSION = 1;
				DEVELOPMENT_TEAM = TDMFSWV2Q6;
				GENERATE_INFOPLIST_FILE = YES;
				INFOPLIST_FILE = Pokedex/Info.plist;
				INFOPLIST_KEY_UIApplicationSupportsIndirectInputEvents = YES;
				INFOPLIST_KEY_UILaunchStoryboardName = LaunchScreen;
				INFOPLIST_KEY_UIMainStoryboardFile = Main;
				INFOPLIST_KEY_UISupportedInterfaceOrientations = UIInterfaceOrientationPortrait;
				INFOPLIST_KEY_UISupportedInterfaceOrientations_iPad = "UIInterfaceOrientationLandscapeLeft UIInterfaceOrientationLandscapeRight UIInterfaceOrientationPortrait UIInterfaceOrientationPortraitUpsideDown";
				IPHONEOS_DEPLOYMENT_TARGET = 13.0;
				LD_RUNPATH_SEARCH_PATHS = (
					"$(inherited)",
					"@executable_path/Frameworks",
				);
				MARKETING_VERSION = 1.0;
				PRODUCT_BUNDLE_IDENTIFIER = tunaorkun.Pokedex;
				PRODUCT_NAME = "$(TARGET_NAME)";
				SUPPORTED_PLATFORMS = "iphoneos iphonesimulator";
				SUPPORTS_MACCATALYST = NO;
				SUPPORTS_MAC_DESIGNED_FOR_IPHONE_IPAD = NO;
				SWIFT_EMIT_LOC_STRINGS = YES;
				SWIFT_VERSION = 5.0;
				TARGETED_DEVICE_FAMILY = 1;
			};
			name = Release;
		};
/* End XCBuildConfiguration section */

/* Begin XCConfigurationList section */
		CE7FB4F529B5352E00B69937 /* Build configuration list for PBXProject "Pokedex" */ = {
			isa = XCConfigurationList;
			buildConfigurations = (
				CE7FB50C29B5352E00B69937 /* Debug */,
				CE7FB50D29B5352E00B69937 /* Release */,
			);
			defaultConfigurationIsVisible = 0;
			defaultConfigurationName = Release;
		};
		CE7FB50E29B5352E00B69937 /* Build configuration list for PBXNativeTarget "Pokedex" */ = {
			isa = XCConfigurationList;
			buildConfigurations = (
				CE7FB50F29B5352E00B69937 /* Debug */,
				CE7FB51029B5352E00B69937 /* Release */,
			);
			defaultConfigurationIsVisible = 0;
			defaultConfigurationName = Release;
		};
/* End XCConfigurationList section */
	};
	rootObject = CE7FB4F229B5352E00B69937 /* Project object */;
}
